
Microsoft Visual Studio Solution File, Format Version 12.00
# Visual Studio Version 17
VisualStudioVersion = 17.0.31903.59
MinimumVisualStudioVersion = 10.0.40219.1
Project("{FAE04EC0-301F-11D3-BF4B-00C04F79EFBC}") = "CalculadoraTestes", "CalculadoraTestes\CalculadoraTestes.csproj", "{03886744-5117-4567-A851-0BEAA47BDE8E}"
EndProject
Project("{FAE04EC0-301F-11D3-BF4B-00C04F79EFBC}") = "Calculadora", "Calculadora\Calculadora.csproj", "{F84D41F6-005C-4A54-A196-E5BD9F9FC94B}"
EndProject
Global
	GlobalSection(SolutionConfigurationPlatforms) = preSolution
		Debug|Any CPU = Debug|Any CPU
		Release|Any CPU = Release|Any CPU
	EndGlobalSection
	GlobalSection(SolutionProperties) = preSolution
		HideSolutionNode = FALSE
	EndGlobalSection
	GlobalSection(ProjectConfigurationPlatforms) = postSolution
		{03886744-5117-4567-A851-0BEAA47BDE8E}.Debug|Any CPU.ActiveCfg = Debug|Any CPU
		{03886744-5117-4567-A851-0BEAA47BDE8E}.Debug|Any CPU.Build.0 = Debug|Any CPU
		{03886744-5117-4567-A851-0BEAA47BDE8E}.Release|Any CPU.ActiveCfg = Release|Any CPU
		{03886744-5117-4567-A851-0BEAA47BDE8E}.Release|Any CPU.Build.0 = Release|Any CPU
		{F84D41F6-005C-4A54-A196-E5BD9F9FC94B}.Debug|Any CPU.ActiveCfg = Debug|Any CPU
		{F84D41F6-005C-4A54-A196-E5BD9F9FC94B}.Debug|Any CPU.Build.0 = Debug|Any CPU
		{F84D41F6-005C-4A54-A196-E5BD9F9FC94B}.Release|Any CPU.ActiveCfg = Release|Any CPU
		{F84D41F6-005C-4A54-A196-E5BD9F9FC94B}.Release|Any CPU.Build.0 = Release|Any CPU
	EndGlobalSection
EndGlobal
